
Microsoft Visual Studio Solution File, Format Version 12.00
# Visual Studio 15
VisualStudioVersion = 15.0.28010.2026
MinimumVisualStudioVersion = 10.0.40219.1
Project("{E24C65DC-7377-472B-9ABA-BC803B73C61A}") = "CloneFile", "CloneFile\", "{5983C792-0363-4B84-AFAC-E593B72CCAB0}"
	ProjectSection(WebsiteProperties) = preProject
		TargetFrameworkMoniker = ".NETFramework,Version%3Dv4.7.2"
		Debug.AspNetCompiler.VirtualPath = "/localhost_12177"
		Debug.AspNetCompiler.PhysicalPath = "CloneFile\"
		Debug.AspNetCompiler.TargetPath = "PrecompiledWeb\localhost_12177\"
		Debug.AspNetCompiler.Updateable = "true"
		Debug.AspNetCompiler.ForceOverwrite = "true"
		Debug.AspNetCompiler.FixedNames = "false"
		Debug.AspNetCompiler.Debug = "True"
		Release.AspNetCompiler.VirtualPath = "/localhost_12177"
		Release.AspNetCompiler.PhysicalPath = "CloneFile\"
		Release.AspNetCompiler.TargetPath = "PrecompiledWeb\localhost_12177\"
		Release.AspNetCompiler.Updateable = "true"
		Release.AspNetCompiler.ForceOverwrite = "true"
		Release.AspNetCompiler.FixedNames = "false"
		Release.AspNetCompiler.Debug = "False"
		VWDPort = "12177"
		SlnRelativePath = "CloneFile\"
		DefaultWebSiteLanguage = "Visual C#"
	EndProjectSection
EndProject
Global
	GlobalSection(SolutionConfigurationPlatforms) = preSolution
		Debug|Any CPU = Debug|Any CPU
	EndGlobalSection
	GlobalSection(ProjectConfigurationPlatforms) = postSolution
		{5983C792-0363-4B84-AFAC-E593B72CCAB0}.Debug|Any CPU.ActiveCfg = Debug|Any CPU
		{5983C792-0363-4B84-AFAC-E593B72CCAB0}.Debug|Any CPU.Build.0 = Debug|Any CPU
	EndGlobalSection
	GlobalSection(SolutionProperties) = preSolution
		HideSolutionNode = FALSE
	EndGlobalSection
	GlobalSection(ExtensibilityGlobals) = postSolution
		SolutionGuid = {57C31418-4DCA-4058-A30F-96B264F0CFE9}
	EndGlobalSection
EndGlobal
